{
  "nodes": {
    "nixpkgs": {
      "locked": {
        "lastModified": 1772956932,
        "narHash": "sha256-M0yS4AafhKxPPmOHGqIV0iKxgNO8bHDWdl1kOwGBwRY=",
        "owner": "NixOS",
        "repo": "nixpkgs",
        "rev": "608d0cadfed240589a7eea422407a547ad626a14",
        "type": "github"
      },
      "original": {
        "owner": "NixOS",
        "ref": "nixpkgs-unstable",
        "repo": "nixpkgs",
        "type": "github"
      }
    },
    "root": {
      "inputs": {
        "nixpkgs": "nixpkgs",
        "rust-overlay": "rust-overlay"
      }
    },
    "rust-overlay": {
      "inputs": {
        "nixpkgs": [
          "nixpkgs"
        ]
      },
      "locked": {
        "lastModified": 1773284828,
        "narHash": "sha256-0qI+a9z7KpYCBbp4ENN32b2tf0VmC3MhgFw1KAroqxQ=",
        "owner": "oxalica",
        "repo": "rust-overlay",
        "rev": "2b18fe48d9a8a4ff3850d56b67cfe72f2a589237",
        "type": "github"
      },
      "original": {
        "owner": "oxalica",
        "repo": "rust-overlay",
        "type": "github"
      }
    }
  },
  "root": "root",
  "version": 7
}
